
Microsoft Visual Studio Solution File, Format Version 12.00
# Visual Studio Version 17
VisualStudioVersion = 17.5.002.0
MinimumVisualStudioVersion = 10.0.40219.1
Project("{9A19103F-16F7-4668-BE54-9A1E7A4F7556}") = "CarRentalWebApp", "CarRentalWebApp.csproj", "{FB7E7167-E7FA-411E-82B0-F8234AD6AFB6}"
EndProject
Global
	GlobalSection(SolutionConfigurationPlatforms) = preSolution
		Debug|Any CPU = Debug|Any CPU
		Release|Any CPU = Release|Any CPU
	EndGlobalSection
	GlobalSection(ProjectConfigurationPlatforms) = postSolution
		{FB7E7167-E7FA-411E-82B0-F8234AD6AFB6}.Debug|Any CPU.ActiveCfg = Debug|Any CPU
		{FB7E7167-E7FA-411E-82B0-F8234AD6AFB6}.Debug|Any CPU.Build.0 = Debug|Any CPU
		{FB7E7167-E7FA-411E-82B0-F8234AD6AFB6}.Release|Any CPU.ActiveCfg = Release|Any CPU
		{FB7E7167-E7FA-411E-82B0-F8234AD6AFB6}.Release|Any CPU.Build.0 = Release|Any CPU
	EndGlobalSection
	GlobalSection(SolutionProperties) = preSolution
		HideSolutionNode = FALSE
	EndGlobalSection
	GlobalSection(ExtensibilityGlobals) = postSolution
		SolutionGuid = {ED95D57B-BC05-40F5-BC4A-B80257075059}
	EndGlobalSection
EndGlobal
